
Microsoft Visual Studio Solution File, Format Version 12.00
# Visual Studio 15
VisualStudioVersion = 15.0.27130.2026
MinimumVisualStudioVersion = 10.0.40219.1
Project("{FAE04EC0-301F-11D3-BF4B-00C04F79EFBC}") = "ArbitrageNacionalV2", "ArbitrageNacionalV2.csproj", "{F842D4A8-AB94-4CF2-A79B-F732882C762D}"
EndProject
Project("{FAE04EC0-301F-11D3-BF4B-00C04F79EFBC}") = "NeuralNetwork", "..\..\anubis\IA\NeuralNetwork\NeuralNetwork.csproj", "{8C6925FB-CE38-4691-A545-4BA31EB2D585}"
EndProject
Global
	GlobalSection(SolutionConfigurationPlatforms) = preSolution
		Debug|Any CPU = Debug|Any CPU
		Release|Any CPU = Release|Any CPU
	EndGlobalSection
	GlobalSection(ProjectConfigurationPlatforms) = postSolution
		{F842D4A8-AB94-4CF2-A79B-F732882C762D}.Debug|Any CPU.ActiveCfg = Debug|Any CPU
		{F842D4A8-AB94-4CF2-A79B-F732882C762D}.Debug|Any CPU.Build.0 = Debug|Any CPU
		{F842D4A8-AB94-4CF2-A79B-F732882C762D}.Release|Any CPU.ActiveCfg = Release|Any CPU
		{F842D4A8-AB94-4CF2-A79B-F732882C762D}.Release|Any CPU.Build.0 = Release|Any CPU
		{8C6925FB-CE38-4691-A545-4BA31EB2D585}.Debug|Any CPU.ActiveCfg = Debug|Any CPU
		{8C6925FB-CE38-4691-A545-4BA31EB2D585}.Debug|Any CPU.Build.0 = Debug|Any CPU
		{8C6925FB-CE38-4691-A545-4BA31EB2D585}.Release|Any CPU.ActiveCfg = Release|Any CPU
		{8C6925FB-CE38-4691-A545-4BA31EB2D585}.Release|Any CPU.Build.0 = Release|Any CPU
	EndGlobalSection
	GlobalSection(SolutionProperties) = preSolution
		HideSolutionNode = FALSE
	EndGlobalSection
	GlobalSection(ExtensibilityGlobals) = postSolution
		SolutionGuid = {8669CAEA-8143-491B-BCF3-7BF70D69216F}
	EndGlobalSection
EndGlobal
